
Microsoft Visual Studio Solution File, Format Version 11.00
# Visual Studio 2010
Project("{FAE04EC0-301F-11D3-BF4B-00C04F79EFBC}") = "SpinnyDotGame", "Assembly-CSharp-firstpass.csproj", "{17C9161D-529B-ADAC-38FC-D8FC061F4C9A}"
EndProject
Project("{FAE04EC0-301F-11D3-BF4B-00C04F79EFBC}") = "SpinnyDotGame", "Assembly-CSharp.csproj", "{73D2AA8B-2065-0C85-B39A-6D122516D9AF}"
EndProject
Project("{FAE04EC0-301F-11D3-BF4B-00C04F79EFBC}") = "SpinnyDotGame", "Assembly-CSharp-Editor-firstpass.csproj", "{EAB2F577-E772-82B8-8BF1-F6E9CF7DE30C}"
EndProject
Global
	GlobalSection(SolutionConfigurationPlatforms) = preSolution
		Debug|Any CPU = Debug|Any CPU
		Release|Any CPU = Release|Any CPU
	EndGlobalSection
	GlobalSection(ProjectConfigurationPlatforms) = postSolution
		{17C9161D-529B-ADAC-38FC-D8FC061F4C9A}.Debug|Any CPU.ActiveCfg = Debug|Any CPU
		{17C9161D-529B-ADAC-38FC-D8FC061F4C9A}.Debug|Any CPU.Build.0 = Debug|Any CPU
		{17C9161D-529B-ADAC-38FC-D8FC061F4C9A}.Release|Any CPU.ActiveCfg = Release|Any CPU
		{17C9161D-529B-ADAC-38FC-D8FC061F4C9A}.Release|Any CPU.Build.0 = Release|Any CPU
		{73D2AA8B-2065-0C85-B39A-6D122516D9AF}.Debug|Any CPU.ActiveCfg = Debug|Any CPU
		{73D2AA8B-2065-0C85-B39A-6D122516D9AF}.Debug|Any CPU.Build.0 = Debug|Any CPU
		{73D2AA8B-2065-0C85-B39A-6D122516D9AF}.Release|Any CPU.ActiveCfg = Release|Any CPU
		{73D2AA8B-2065-0C85-B39A-6D122516D9AF}.Release|Any CPU.Build.0 = Release|Any CPU
		{EAB2F577-E772-82B8-8BF1-F6E9CF7DE30C}.Debug|Any CPU.ActiveCfg = Debug|Any CPU
		{EAB2F577-E772-82B8-8BF1-F6E9CF7DE30C}.Debug|Any CPU.Build.0 = Debug|Any CPU
		{EAB2F577-E772-82B8-8BF1-F6E9CF7DE30C}.Release|Any CPU.ActiveCfg = Release|Any CPU
		{EAB2F577-E772-82B8-8BF1-F6E9CF7DE30C}.Release|Any CPU.Build.0 = Release|Any CPU
	EndGlobalSection
	GlobalSection(SolutionProperties) = preSolution
		HideSolutionNode = FALSE
	EndGlobalSection
	GlobalSection(MonoDevelopProperties) = preSolution
		StartupItem = Assembly-CSharp.csproj
	EndGlobalSection
EndGlobal
